// !$*UTF8*$!
{
	archiveVersion = 1;
	classes = {
	};
	objectVersion = 46;
	objects = {

/* Begin PBXBuildFile section */
		AAA531181C52EE7A00581679 /* AppDelegate.swift in Sources */ = {isa = PBXBuildFile; fileRef = AAA531171C52EE7A00581679 /* AppDelegate.swift */; };
		AAA5311A1C52EE7A00581679 /* ViewController.swift in Sources */ = {isa = PBXBuildFile; fileRef = AAA531191C52EE7A00581679 /* ViewController.swift */; };
		AAA5311D1C52EE7A00581679 /* Main.storyboard in Resources */ = {isa = PBXBuildFile; fileRef = AAA5311B1C52EE7A00581679 /* Main.storyboard */; };
		AAA5311F1C52EE7A00581679 /* Assets.xcassets in Resources */ = {isa = PBXBuildFile; fileRef = AAA5311E1C52EE7A00581679 /* Assets.xcassets */; };
		AAA531221C52EE7A00581679 /* LaunchScreen.storyboard in Resources */ = {isa = PBXBuildFile; fileRef = AAA531201C52EE7A00581679 /* LaunchScreen.storyboard */; };
		AAA5312C1C52EEAD00581679 /* board.png in Resources */ = {isa = PBXBuildFile; fileRef = AAA531291C52EEAD00581679 /* board.png */; };
		AAA5312D1C52EEAD00581679 /* cross.png in Resources */ = {isa = PBXBuildFile; fileRef = AAA5312A1C52EEAD00581679 /* cross.png */; };
		AAA5312E1C52EEAD00581679 /* nought.png in Resources */ = {isa = PBXBuildFile; fileRef = AAA5312B1C52EEAD00581679 /* nought.png */; };
/* End PBXBuildFile section */

/* Begin PBXFileReference section */
		AAA531141C52EE7A00581679 /* Xs and Os.app */ = {isa = PBXFileReference; explicitFileType = wrapper.application; includeInIndex = 0; path = "Xs and Os.app"; sourceTree = BUILT_PRODUCTS_DIR; };
		AAA531171C52EE7A00581679 /* AppDelegate.swift */ = {isa = PBXFileReference; lastKnownFileType = sourcecode.swift; path = AppDelegate.swift; sourceTree = "<group>"; };
		AAA531191C52EE7A00581679 /* ViewController.swift */ = {isa = PBXFileReference; lastKnownFileType = sourcecode.swift; path = ViewController.swift; sourceTree = "<group>"; };
		AAA5311C1C52EE7A00581679 /* Base */ = {isa = PBXFileReference; lastKnownFileType = file.storyboard; name = Base; path = Base.lproj/Main.storyboard; sourceTree = "<group>"; };
		AAA5311E1C52EE7A00581679 /* Assets.xcassets */ = {isa = PBXFileReference; lastKnownFileType = folder.assetcatalog; path = Assets.xcassets; sourceTree = "<group>"; };
		AAA531211C52EE7A00581679 /* Base */ = {isa = PBXFileReference; lastKnownFileType = file.storyboard; name = Base; path = Base.lproj/LaunchScreen.storyboard; sourceTree = "<group>"; };
		AAA531231C52EE7A00581679 /* Info.plist */ = {isa = PBXFileReference; lastKnownFileType = text.plist.xml; path = Info.plist; sourceTree = "<group>"; };
		AAA531291C52EEAD00581679 /* board.png */ = {isa = PBXFileReference; lastKnownFileType = image.png; path = board.png; sourceTree = "<group>"; };
		AAA5312A1C52EEAD00581679 /* cross.png */ = {isa = PBXFileReference; lastKnownFileType = image.png; path = cross.png; sourceTree = "<group>"; };
		AAA5312B1C52EEAD00581679 /* nought.png */ = {isa = PBXFileReference; lastKnownFileType = image.png; path = nought.png; sourceTree = "<group>"; };
/* End PBXFileReference section */

/* Begin PBXFrameworksBuildPhase section */
		AAA531111C52EE7A00581679 /* Frameworks */ = {
			isa = PBXFrameworksBuildPhase;
			buildActionMask = 2147483647;
			files = (
			);
			runOnlyForDeploymentPostprocessing = 0;
		};
/* End PBXFrameworksBuildPhase section */

/* Begin PBXGroup section */
		AAA5310B1C52EE7A00581679 = {
			isa = PBXGroup;
			children = (
				AAA531161C52EE7A00581679 /* Xs and Os */,
				AAA531151C52EE7A00581679 /* Products */,
			);
			sourceTree = "<group>";
		};
		AAA531151C52EE7A00581679 /* Products */ = {
			isa = PBXGroup;
			children = (
				AAA531141C52EE7A00581679 /* Xs and Os.app */,
			);
			name = Products;
			sourceTree = "<group>";
		};
		AAA531161C52EE7A00581679 /* Xs and Os */ = {
			isa = PBXGroup;
			children = (
				AAA531171C52EE7A00581679 /* AppDelegate.swift */,
				AAA531191C52EE7A00581679 /* ViewController.swift */,
				AAA5311B1C52EE7A00581679 /* Main.storyboard */,
				AAA5311E1C52EE7A00581679 /* Assets.xcassets */,
				AAA531201C52EE7A00581679 /* LaunchScreen.storyboard */,
				AAA531231C52EE7A00581679 /* Info.plist */,
				AAA531291C52EEAD00581679 /* board.png */,
				AAA5312A1C52EEAD00581679 /* cross.png */,
				AAA5312B1C52EEAD00581679 /* nought.png */,
			);
			path = "Xs and Os";
			sourceTree = "<group>";
		};
/* End PBXGroup section */

/* Begin PBXNativeTarget section */
		AAA531131C52EE7A00581679 /* Xs and Os */ = {
			isa = PBXNativeTarget;
			buildConfigurationList = AAA531261C52EE7A00581679 /* Build configuration list for PBXNativeTarget "Xs and Os" */;
			buildPhases = (
				AAA531101C52EE7A00581679 /* Sources */,
				AAA531111C52EE7A00581679 /* Frameworks */,
				AAA531121C52EE7A00581679 /* Resources */,
			);
			buildRules = (
			);
			dependencies = (
			);
			name = "Xs and Os";
			productName = "Xs and Os";
			productReference = AAA531141C52EE7A00581679 /* Xs and Os.app */;
			productType = "com.apple.product-type.application";
		};
/* End PBXNativeTarget section */

/* Begin PBXProject section */
		AAA5310C1C52EE7A00581679 /* Project object */ = {
			isa = PBXProject;
			attributes = {
				LastSwiftUpdateCheck = 0730;
				LastUpgradeCheck = 0730;
				ORGANIZATIONNAME = "Cole Britton";
				TargetAttributes = {
					AAA531131C52EE7A00581679 = {
						CreatedOnToolsVersion = 7.3;
					};
				};
			};
			buildConfigurationList = AAA5310F1C52EE7A00581679 /* Build configuration list for PBXProject "Xs and Os" */;
			compatibilityVersion = "Xcode 3.2";
			developmentRegion = English;
			hasScannedForEncodings = 0;
			knownRegions = (
				en,
				Base,
			);
			mainGroup = AAA5310B1C52EE7A00581679;
			productRefGroup = AAA531151C52EE7A00581679 /* Products */;
			projectDirPath = "";
			projectRoot = "";
			targets = (
				AAA531131C52EE7A00581679 /* Xs and Os */,
			);
		};
/* End PBXProject section */

/* Begin PBXResourcesBuildPhase section */
		AAA531121C52EE7A00581679 /* Resources */ = {
			isa = PBXResourcesBuildPhase;
			buildActionMask = 2147483647;
			files = (
				AAA5312D1C52EEAD00581679 /* cross.png in Resources */,
				AAA5312C1C52EEAD00581679 /* board.png in Resources */,
				AAA5312E1C52EEAD00581679 /* nought.png in Resources */,
				AAA531221C52EE7A00581679 /* LaunchScreen.storyboard in Resources */,
				AAA5311F1C52EE7A00581679 /* Assets.xcassets in Resources */,
				AAA5311D1C52EE7A00581679 /* Main.storyboard in Resources */,
			);
			runOnlyForDeploymentPostprocessing = 0;
		};
/* End PBXResourcesBuildPhase section */

/* Begin PBXSourcesBuildPhase section */
		AAA531101C52EE7A00581679 /* Sources */ = {
			isa = PBXSourcesBuildPhase;
			buildActionMask = 2147483647;
			files = (
				AAA5311A1C52EE7A00581679 /* ViewController.swift in Sources */,
				AAA531181C52EE7A00581679 /* AppDelegate.swift in Sources */,
			);
			runOnlyForDeploymentPostprocessing = 0;
		};
/* End PBXSourcesBuildPhase section */

/* Begin PBXVariantGroup section */
		AAA5311B1C52EE7A00581679 /* Main.storyboard */ = {
			isa = PBXVariantGroup;
			children = (
				AAA5311C1C52EE7A00581679 /* Base */,
			);
			name = Main.storyboard;
			sourceTree = "<group>";
		};
		AAA531201C52EE7A00581679 /* LaunchScreen.storyboard */ = {
			isa = PBXVariantGroup;
			children = (
				AAA531211C52EE7A00581679 /* Base */,
			);
			name = LaunchScreen.storyboard;
			sourceTree = "<group>";
		};
/* End PBXVariantGroup section */

/* Begin XCBuildConfiguration section */
		AAA531241C52EE7A00581679 /* Debug */ = {
			isa = XCBuildConfiguration;
			buildSettings = {
				ALWAYS_SEARCH_USER_PATHS = NO;
				CLANG_CXX_LANGUAGE_STANDARD = "gnu++0x";
				CLANG_CXX_LIBRARY = "libc++";
				CLANG_ENABLE_MODULES = YES;
				CLANG_ENABLE_OBJC_ARC = YES;
				CLANG_WARN_BOOL_CONVERSION = YES;
				CLANG_WARN_CONSTANT_CONVERSION = YES;
				CLANG_WARN_DIRECT_OBJC_ISA_USAGE = YES_ERROR;
				CLANG_WARN_EMPTY_BODY = YES;
				CLANG_WARN_ENUM_CONVERSION = YES;
				CLANG_WARN_INT_CONVERSION = YES;
				CLANG_WARN_OBJC_ROOT_CLASS = YES_ERROR;
				CLANG_WARN_UNREACHABLE_CODE = YES;
				CLANG_WARN__DUPLICATE_METHOD_MATCH = YES;
				"CODE_SIGN_IDENTITY[sdk=iphoneos*]" = "iPhone Developer";
				COPY_PHASE_STRIP = NO;
				DEBUG_INFORMATION_FORMAT = dwarf;
				ENABLE_STRICT_OBJC_MSGSEND = YES;
				ENABLE_TESTABILITY = YES;
				GCC_C_LANGUAGE_STANDARD = gnu99;
				GCC_DYNAMIC_NO_PIC = NO;
				GCC_NO_COMMON_BLOCKS = YES;
				GCC_OPTIMIZATION_LEVEL = 0;
				GCC_PREPROCESSOR_DEFINITIONS = (
					"DEBUG=1",
					"$(inherited)",
				);
				GCC_WARN_64_TO_32_BIT_CONVERSION = YES;
				GCC_WARN_ABOUT_RETURN_TYPE = YES_ERROR;
				GCC_WARN_UNDECLARED_SELECTOR = YES;
				GCC_WARN_UNINITIALIZED_AUTOS = YES_AGGRESSIVE;
				GCC_WARN_UNUSED_FUNCTION = YES;
				GCC_WARN_UNUSED_VARIABLE = YES;
				IPHONEOS_DEPLOYMENT_TARGET = 9.3;
				MTL_ENABLE_DEBUG_INFO = YES;
				ONLY_ACTIVE_ARCH = YES;
				SDKROOT = iphoneos;
				SWIFT_OPTIMIZATION_LEVEL = "-Onone";
			};
			name = Debug;
		};
		AAA531251C52EE7A00581679 /* Release */ = {
			isa = XCBuildConfiguration;
			buildSettings = {
				ALWAYS_SEARCH_USER_PATHS = NO;
				CLANG_CXX_LANGUAGE_STANDARD = "gnu++0x";
				CLANG_CXX_LIBRARY = "libc++";
				CLANG_ENABLE_MODULES = YES;
				CLANG_ENABLE_OBJC_ARC = YES;
				CLANG_WARN_BOOL_CONVERSION = YES;
				CLANG_WARN_CONSTANT_CONVERSION = YES;
				CLANG_WARN_DIRECT_OBJC_ISA_USAGE = YES_ERROR;
				CLANG_WARN_EMPTY_BODY = YES;
				CLANG_WARN_ENUM_CONVERSION = YES;
				CLANG_WARN_INT_CONVERSION = YES;
				CLANG_WARN_OBJC_ROOT_CLASS = YES_ERROR;
				CLANG_WARN_UNREACHABLE_CODE = YES;
				CLANG_WARN__DUPLICATE_METHOD_MATCH = YES;
				"CODE_SIGN_IDENTITY[sdk=iphoneos*]" = "iPhone Developer";
				COPY_PHASE_STRIP = NO;
				DEBUG_INFORMATION_FORMAT = "dwarf-with-dsym";
				ENABLE_NS_ASSERTIONS = NO;
				ENABLE_STRICT_OBJC_MSGSEND = YES;
				GCC_C_LANGUAGE_STANDARD = gnu99;
				GCC_NO_COMMON_BLOCKS = YES;
				GCC_WARN_64_TO_32_BIT_CONVERSION = YES;
				GCC_WARN_ABOUT_RETURN_TYPE = YES_ERROR;
				GCC_WARN_UNDECLARED_SELECTOR = YES;
				GCC_WARN_UNINITIALIZED_AUTOS = YES_AGGRESSIVE;
				GCC_WARN_UNUSED_FUNCTION = YES;
				GCC_WARN_UNUSED_VARIABLE = YES;
				IPHONEOS_DEPLOYMENT_TARGET = 9.3;
				MTL_ENABLE_DEBUG_INFO = NO;
				SDKROOT = iphoneos;
				VALIDATE_PRODUCT = YES;
			};
			name = Release;
		};
		AAA531271C52EE7A00581679 /* Debug */ = {
			isa = XCBuildConfiguration;
			buildSettings = {
				ASSETCATALOG_COMPILER_APPICON_NAME = AppIcon;
				INFOPLIST_FILE = "Xs and Os/Info.plist";
				LD_RUNPATH_SEARCH_PATHS = "$(inherited) @executable_path/Frameworks";
				PRODUCT_BUNDLE_IDENTIFIER = "com.brxttxn.Xs-and-Os";
				PRODUCT_NAME = "$(TARGET_NAME)";
			};
			name = Debug;
		};
		AAA531281C52EE7A00581679 /* Release */ = {
			isa = XCBuildConfiguration;
			buildSettings = {
				ASSETCATALOG_COMPILER_APPICON_NAME = AppIcon;
				INFOPLIST_FILE = "Xs and Os/Info.plist";
				LD_RUNPATH_SEARCH_PATHS = "$(inherited) @executable_path/Frameworks";
				PRODUCT_BUNDLE_IDENTIFIER = "com.brxttxn.Xs-and-Os";
				PRODUCT_NAME = "$(TARGET_NAME)";
			};
			name = Release;
		};
/* End XCBuildConfiguration section */

/* Begin XCConfigurationList section */
		AAA5310F1C52EE7A00581679 /* Build configuration list for PBXProject "Xs and Os" */ = {
			isa = XCConfigurationList;
			buildConfigurations = (
				AAA531241C52EE7A00581679 /* Debug */,
				AAA531251C52EE7A00581679 /* Release */,
			);
			defaultConfigurationIsVisible = 0;
			defaultConfigurationName = Release;
		};
		AAA531261C52EE7A00581679 /* Build configuration list for PBXNativeTarget "Xs and Os" */ = {
			isa = XCConfigurationList;
			buildConfigurations = (
				AAA531271C52EE7A00581679 /* Debug */,
				AAA531281C52EE7A00581679 /* Release */,
			);
			defaultConfigurationIsVisible = 0;
		};
/* End XCConfigurationList section */
	};
	rootObject = AAA5310C1C52EE7A00581679 /* Project object */;
}
